# THIS IS AN AUTOGENERATED FILE. DO NOT EDIT THIS FILE DIRECTLY.
# yarn lockfile v1


"@oxfmt/binding-android-arm-eabi@0.65.0":
  version "0.65.0"
  resolved "https://registry.yarnpkg.com/@oxfmt/binding-android-arm-eabi/-/binding-android-arm-eabi-0.65.0.tgz#1d9be45cec55c86b17e1feffbffaeadd45fd2c9a"
  integrity sha512-M10Gs1SSpTNI6ahGx3M/OlIdUF4hkaP6OgUb+MS79t/Pgflk3r1nW5gPFqsZGUAXg0H1AfANT9AvLdBSTIhZKg==

"@oxfmt/binding-android-arm64@0.65.0":
  version "0.65.0"
  resolved "https://registry.yarnpkg.com/@oxfmt/binding-android-arm64/-/binding-android-arm64-0.65.0.tgz#7a6dbd301c1198d2a16439e005ca33fb3ebd2f62"
  integrity sha512-6DXH5sftNlaHpWJG50hFMF+Qxtq5D2TmahvcDPxWNcGIf8qrC9Y0YgHYcYZ2hlWzaccKXh/f3GcssH8vtkl4JA==

"@oxfmt/binding-darwin-arm64@0.65.0":
  version "0.65.0"
  resolved "https://registry.yarnpkg.com/@oxfmt/binding-darwin-arm64/-/binding-darwin-arm64-0.65.0.tgz#7fa69acf25aefb7ff832aaa207ece9f55c48398e"
  integrity sha512-K9m7lr53pcOLETNsC88sWes/GWHUGjZyHx95UhYcSXy0r30haLdeXlSufSenEAtoLaW753WN8/l4M7GYcRt6cg==

"@oxfmt/binding-darwin-x64@0.65.0":
  version "0.65.0"
  resolved "https://registry.yarnpkg.com/@oxfmt/binding-darwin-x64/-/binding-darwin-x64-0.65.0.tgz#c315ca1fb9fb606477dc76fc4154d92c32a244a9"
  integrity sha512-sTNwIx1gre3MyiHOPLu7IGW4UyMScYL4DTmJT01p4vzB0En+OJUQz6KuH8t0PpsClRSaMuY3b0QmtoPItfO8Lg==

"@oxfmt/binding-freebsd-x64@0.65.0":
  version "0.65.0"
  resolved "https://registry.yarnpkg.com/@oxfmt/binding-freebsd-x64/-/binding-freebsd-x64-0.65.0.tgz#4815e6ac50a9f38cd93dda3d649c6988bded481d"
  integrity sha512-lYZMVIiIpnjGu5hJb2jxA8NYQ/e0OTGuaiAf4dqlGPNnPmUTu23FZRMltmjro/KkQm1uE4NT4n5yJ2zWmKcpfA==

"@oxfmt/binding-linux-arm-gnueabihf@0.65.0":
  version "0.65.0"
  resolved "https://registry.yarnpkg.com/@oxfmt/binding-linux-arm-gnueabihf/-/binding-linux-arm-gnueabihf-0.65.0.tgz#36c1c82b18186293c62c48fbcf1e3e4bdc9cd72d"
  integrity sha512-gIdXFAt/bURnjxuoedDEWdZ0PEWEmdDcm8qdpoFYYvW3QMk/5D4vUaH4mlMeRpeTdST4izUgHVO6RawQ4QulJw==

"@oxfmt/binding-linux-arm-musleabihf@0.65.0":
  version "0.65.0"
  resolved "https://registry.yarnpkg.com/@oxfmt/binding-linux-arm-musleabihf/-/binding-linux-arm-musleabihf-0.65.0.tgz#623880e16cd16fb36abf02aa050e5e33d1acbf67"
  integrity sha512-jJVyADto7gA2AaX5qAjAexrxx9PJQaKWOe8PICE7yKMbjBRyOHcmj9TtVJ+MZYDUQ3hodU0AcoTj0jFQ1W4C6Q==

"@oxfmt/binding-linux-arm64-gnu@0.65.0":
  version "0.65.0"
  resolved "https://registry.yarnpkg.com/@oxfmt/binding-linux-arm64-gnu/-/binding-linux-arm64-gnu-0.65.0.tgz#1570f61b877385b9c1b56800663f68e8f988c533"
  integrity sha512-p3RFkB+u7u+8up99b/NEcI1hdpLDiGgJYNwDorB60n7eH+eKposAKuMBxx+NqB3b+sJP4CZmYDh9G7X62tUsKg==

"@oxfmt/binding-linux-arm64-musl@0.65.0":
  version "0.65.0"
  resolved "https://registry.yarnpkg.com/@oxfmt/binding-linux-arm64-musl/-/binding-linux-arm64-musl-0.65.0.tgz#e7494ed26c0cd52a1ac4b38fe5f0a2a88231cd2e"
  integrity sha512-5Prb0uFzJHr+OUD/qS/TmU526wD+PaHDsm3KoRiUXbMIDpTSErjeQYkK3OQeshAvD/PuLa9WGEi9WPajjdOZJg==

"@oxfmt/binding-linux-ppc64-gnu@0.65.0":
  version "0.65.0"
  resolved "https://registry.yarnpkg.com/@oxfmt/binding-linux-ppc64-gnu/-/binding-linux-ppc64-gnu-0.65.0.tgz#e87bc27e8d9fba5eaba59b11a1f00ad1e116f803"
  integrity sha512-S8svxTp81obnF3admN9yd+u2rOYXtyzThLGBTg1PY6TPtGcC09BaaXLQD+TBSMa7yvqhCDZ8DFri+S/yG60qCg==

"@oxfmt/binding-linux-riscv64-gnu@0.65.0":
  version "0.65.0"
  resolved "https://registry.yarnpkg.com/@oxfmt/binding-linux-riscv64-gnu/-/binding-linux-riscv64-gnu-0.65.0.tgz#dd27e2b20b27817938815a2b47f87fcf41ca1aa0"
  integrity sha512-WtXBr75G/h2qOHy8SiGtC1R6aS3jt4mE52v1D8AtwMXIgoOmSNP9lKvbSaTRoL0e5wsMPoi6T72QWDYPu+S+nA==

"@oxfmt/binding-linux-riscv64-musl@0.65.0":
  version "0.65.0"
  resolved "https://registry.yarnpkg.com/@oxfmt/binding-linux-riscv64-musl/-/binding-linux-riscv64-musl-0.65.0.tgz#dc37b95c1f07579eeedcf869d7cf3b47ca695ac9"
  integrity sha512-YwSLVvpaz4o/nv/miiPEBJz+eJ+VmbgNIrao6RccK9ce+L5EA8wP+ZD0uFeq6wKOza6zoWv/dR0sj6lip6R3EA==

"@oxfmt/binding-linux-s390x-gnu@0.65.0":
  version "0.65.0"
  resolved "https://registry.yarnpkg.com/@oxfmt/binding-linux-s390x-gnu/-/binding-linux-s390x-gnu-0.65.0.tgz#c898674718ce8da7a7c625f3b3bcda0b0ff55bc1"
  integrity sha512-XQTPqgvyrgkKcFq+Tp2eK6JS7sqqJ+nRmy2Fav4j3I+i4dJoPJm7YwEdoeSDX9xkqj9jZ/lWfF3bXUWztIrn6A==

"@oxfmt/binding-linux-x64-gnu@0.65.0":
  version "0.65.0"
  resolved "https://registry.yarnpkg.com/@oxfmt/binding-linux-x64-gnu/-/binding-linux-x64-gnu-0.65.0.tgz#720a641158804551480d79cdc85cfed21b0882c8"
  integrity sha512-cjZlx6S/VkeCNWCbwZriTnLnZeTcV3DEyeRGSw/2wwLP9viq+C0bJ4bC1k/ZLkFxDcB1lUgSasPkYGP1bdraOg==

"@oxfmt/binding-linux-x64-musl@0.65.0":
  version "0.65.0"
  resolved "https://registry.yarnpkg.com/@oxfmt/binding-linux-x64-musl/-/binding-linux-x64-musl-0.65.0.tgz#6cb3e1f25c85c619ce634b2f7e3238c33caafe86"
  integrity sha512-2azCjxdLtK4zCcIOU1dlXlU0xxfbPi6EjwWx7Ac7teWPidIIDOcIhudup83xNCKYhtqeVd/gaVDOxbUq4syXWA==

"@oxfmt/binding-openharmony-arm64@0.65.0":
  version "0.65.0"
  resolved "https://registry.yarnpkg.com/@oxfmt/binding-openharmony-arm64/-/binding-openharmony-arm64-0.65.0.tgz#c620f9f383c544428f363bf4418b94b81b5b9346"
  integrity sha512-KXQ7xi1e/voP0IQaw6fG6XY4Z5+Llf1XmRSZS1t7pVFCecFJ0iXaboKmVwjFtp5MLlT5iWQrJ2U1C3GJdZ2u+Q==

"@oxfmt/binding-win32-arm64-msvc@0.65.0":
  version "0.65.0"
  resolved "https://registry.yarnpkg.com/@oxfmt/binding-win32-arm64-msvc/-/binding-win32-arm64-msvc-0.65.0.tgz#79c59706cc5450854d57d582116b13d6611e875c"
  integrity sha512-2FbbjG5jEqLSLKVJwBap84uJfpn5Y5A53KEO0aUNr+zeiRB9nyPUIFMcSbZVMFLitfBytFWRNngozXYjb6Rsbw==

"@oxfmt/binding-win32-ia32-msvc@0.65.0":
  version "0.65.0"
  resolved "https://registry.yarnpkg.com/@oxfmt/binding-win32-ia32-msvc/-/binding-win32-ia32-msvc-0.65.0.tgz#6a52067c7fc666ee46a1b95366c08a9a1c9b26a1"
  integrity sha512-LJ+ZacAPSjegDOnSLyA1TMWAhdDrsK4el3REdr1oL2UtVBCMhO2II/Sb3cEW6mF2MfLhl8hDNCSvc7KSbgk3LQ==

"@oxfmt/binding-win32-x64-msvc@0.65.0":
  version "0.65.0"
  resolved "https://registry.yarnpkg.com/@oxfmt/binding-win32-x64-msvc/-/binding-win32-x64-msvc-0.65.0.tgz#f63624f39bbfddcd679d471c15879176581bb32b"
  integrity sha512-higu9cWEO6XXFzATD1jf0mCK34rNfN2H9JrJie7QB1IhleVpTh0QlLH9Ip2C1H/Nd5n0v5pvRtC+5R0uE4HpVg==

husky@^9.0.7:
  version "9.1.7"
  resolved "https://registry.yarnpkg.com/husky/-/husky-9.1.7.tgz#d46a38035d101b46a70456a850ff4201344c0b2d"
  integrity sha512-5gs5ytaNjBrh5Ow3zrvdUUY+0VxIuWVL4i9irt6friV+BqdCfmV11CQTWMiBYWHbXhco+J1kHfTOUkePhCDvMA==

lint-staged.sh@^0.6.9:
  version "0.6.9"
  resolved "https://registry.yarnpkg.com/lint-staged.sh/-/lint-staged.sh-0.6.9.tgz#8222ada015e3e5f89d782a75feaea5e909b72c98"
  integrity sha512-tMRUX+4/vKPAtERwD4i1O9aRSamE0ZZZU54+O7poKDin0m0X27PHlPROaCwx2jNKsDnJBxiVVThxV/UzhPvLXg==

oxfmt@^0.65.0:
  version "0.65.0"
  resolved "https://registry.yarnpkg.com/oxfmt/-/oxfmt-0.65.0.tgz#43f38114a6d9ad0952741c13c49f70ff1a4208d6"
  integrity sha512-SgS5VgnP42T0zl3zWD+xoH8FCqg1SAFnSRoOT/qeoa6gxcYIqrDMOmcXIg/EWSN92Du4ogB4riuKhKd6Y4CGhw==
  dependencies:
    tinypool "2.1.0"
  optionalDependencies:
    "@oxfmt/binding-android-arm-eabi" "0.65.0"
    "@oxfmt/binding-android-arm64" "0.65.0"
    "@oxfmt/binding-darwin-arm64" "0.65.0"
    "@oxfmt/binding-darwin-x64" "0.65.0"
    "@oxfmt/binding-freebsd-x64" "0.65.0"
    "@oxfmt/binding-linux-arm-gnueabihf" "0.65.0"
    "@oxfmt/binding-linux-arm-musleabihf" "0.65.0"
    "@oxfmt/binding-linux-arm64-gnu" "0.65.0"
    "@oxfmt/binding-linux-arm64-musl" "0.65.0"
    "@oxfmt/binding-linux-ppc64-gnu" "0.65.0"
    "@oxfmt/binding-linux-riscv64-gnu" "0.65.0"
    "@oxfmt/binding-linux-riscv64-musl" "0.65.0"
    "@oxfmt/binding-linux-s390x-gnu" "0.65.0"
    "@oxfmt/binding-linux-x64-gnu" "0.65.0"
    "@oxfmt/binding-linux-x64-musl" "0.65.0"
    "@oxfmt/binding-openharmony-arm64" "0.65.0"
    "@oxfmt/binding-win32-arm64-msvc" "0.65.0"
    "@oxfmt/binding-win32-ia32-msvc" "0.65.0"
    "@oxfmt/binding-win32-x64-msvc" "0.65.0"

tinypool@2.1.0:
  version "2.1.0"
  resolved "https://registry.yarnpkg.com/tinypool/-/tinypool-2.1.0.tgz#303a671d6ef68d03c9512cdc9a47c86b8a85f20c"
  integrity sha512-Pugqs6M0m7Lv1I7FtxN4aoyToKg1C4tu+/381vH35y8oENM/Ai7f7C4StcoK4/+BSw9ebcS8jRiVrORFKCALLw==
